
Microsoft Visual Studio Solution File, Format Version 12.00
# Visual Studio Version 17
VisualStudioVersion = 17.5.33530.505
MinimumVisualStudioVersion = 10.0.40219.1
Project("{2150E333-8FDC-42A3-9474-1A3956D46DE8}") = "docs", "docs", "{8E198C40-1976-484D-A147-988B6CBC13A3}"
	ProjectSection(SolutionItems) = preProject
		docs\m1.md = docs\m1.md
		docs\m2.md = docs\m2.md
		docs\m3.md = docs\m3.md
	EndProjectSection
EndProject
Project("{2150E333-8FDC-42A3-9474-1A3956D46DE8}") = "Contrib", "Contrib", "{65D66A8A-232C-42FF-85E8-100A287D98D3}"
EndProject
Project("{9A19103F-16F7-4668-BE54-9A1E7A4F7556}") = "TextList.Api", "Contrib\TextList.Api\TextList.Api.csproj", "{CCA5B7D2-E1CE-49C2-A8EE-5408D90B0DD2}"
EndProject
Project("{E53339B2-1760-4266-BCC7-CA923CBCF16C}") = "docker-compose", "docker-compose.dcproj", "{4FC0783E-9FD6-4FDE-AABC-5255BC834DDD}"
EndProject
Project("{2150E333-8FDC-42A3-9474-1A3956D46DE8}") = "dapr", "dapr", "{129077C6-92B6-4BD2-AACF-FA69BF1F0C36}"
EndProject
Project("{2150E333-8FDC-42A3-9474-1A3956D46DE8}") = "components", "components", "{418B7B87-6D62-4AFD-93DD-11FC3C572C6E}"
	ProjectSection(SolutionItems) = preProject
		dapr\components\recall-pubsub.yaml = dapr\components\recall-pubsub.yaml
		dapr\components\recall-secrets.json = dapr\components\recall-secrets.json
		dapr\components\recall-secretstore.yaml = dapr\components\recall-secretstore.yaml
	EndProjectSection
EndProject
Project("{2150E333-8FDC-42A3-9474-1A3956D46DE8}") = "configuration", "configuration", "{423A0285-DD78-4DE5-96F0-458FFAD962B8}"
	ProjectSection(SolutionItems) = preProject
		dapr\configuration\recall-configuration.yaml = dapr\configuration\recall-configuration.yaml
	EndProjectSection
EndProject
Project("{2150E333-8FDC-42A3-9474-1A3956D46DE8}") = "Infrastructure", "Infrastructure", "{F58B4BEB-1777-4EC2-953F-3B1057A89EB0}"
	ProjectSection(SolutionItems) = preProject
		Infrastructure\envoy.yaml = Infrastructure\envoy.yaml
	EndProjectSection
EndProject
Project("{9A19103F-16F7-4668-BE54-9A1E7A4F7556}") = "Infrastructure.Api", "Infrastructure\Infrastructure.Api\Infrastructure.Api.csproj", "{5E3CA28A-38E2-46F7-B192-A853719E477B}"
EndProject
Project("{9A19103F-16F7-4668-BE54-9A1E7A4F7556}") = "ServiceStatus", "Infrastructure\ServiceStatus\ServiceStatus.csproj", "{AAA53E67-1163-4EB4-AFFB-2FC19D63FCD4}"
EndProject
Project("{9A19103F-16F7-4668-BE54-9A1E7A4F7556}") = "Ddd.Domain", "Infrastructure\Ddd.Domain\Ddd.Domain.csproj", "{DCD43905-C1DE-434A-BDCC-E71680934AA5}"
EndProject
Project("{9A19103F-16F7-4668-BE54-9A1E7A4F7556}") = "Ddd.Infrastructure", "Infrastructure\Ddd.Infrastructure\Ddd.Infrastructure.csproj", "{C816DC0A-21B3-42AB-8E37-5CB7AF566484}"
EndProject
Project("{2150E333-8FDC-42A3-9474-1A3956D46DE8}") = "Core", "Core", "{45EE50AD-141C-4DBB-BA7C-64181802F851}"
EndProject
Project("{2150E333-8FDC-42A3-9474-1A3956D46DE8}") = "List", "List", "{8D5E093D-117E-4217-BDE9-3D7C3495E82E}"
EndProject
Project("{9A19103F-16F7-4668-BE54-9A1E7A4F7556}") = "List.Domain", "Core\List\List.Domain\List.Domain.csproj", "{DCCB625B-E7C3-4F2B-9BC2-B582502E3305}"
EndProject
Project("{9A19103F-16F7-4668-BE54-9A1E7A4F7556}") = "List.Infrastructure", "Core\List\List.Infrastructure\List.Infrastructure.csproj", "{6C2B13BE-46D2-462B-B954-8D5A79B3258A}"
EndProject
Project("{9A19103F-16F7-4668-BE54-9A1E7A4F7556}") = "List.Api", "Core\List\List.Api\List.Api.csproj", "{9C6D27BA-F55D-4FB4-AD10-DCFF907C34A7}"
EndProject
Project("{9A19103F-16F7-4668-BE54-9A1E7A4F7556}") = "EventBus", "Infrastructure\EventBus\EventBus.csproj", "{9ED6013D-8817-409E-91A9-6115831EE802}"
EndProject
Project("{9A19103F-16F7-4668-BE54-9A1E7A4F7556}") = "IntegrationEventLog", "Infrastructure\IntegrationEventLog\IntegrationEventLog.csproj", "{FC991D6D-F051-493C-916B-EB0E4385BD5B}"
EndProject
Project("{9A19103F-16F7-4668-BE54-9A1E7A4F7556}") = "Identity.Api", "Infrastructure\Identity.Api\Identity.Api.csproj", "{05F081D3-F79E-4E53-B71A-6418C68EF852}"
EndProject
Project("{FAE04EC0-301F-11D3-BF4B-00C04F79EFBC}") = "MaskedTestList.Api", "Contrib\MaskedTestList.Api\MaskedTestList.Api.csproj", "{A9950CD1-F201-4000-B403-A6F7CF8E26C6}"
EndProject
Global
	GlobalSection(SolutionConfigurationPlatforms) = preSolution
		Debug|Any CPU = Debug|Any CPU
		Release|Any CPU = Release|Any CPU
	EndGlobalSection
	GlobalSection(ProjectConfigurationPlatforms) = postSolution
		{CCA5B7D2-E1CE-49C2-A8EE-5408D90B0DD2}.Debug|Any CPU.ActiveCfg = Debug|Any CPU
		{CCA5B7D2-E1CE-49C2-A8EE-5408D90B0DD2}.Debug|Any CPU.Build.0 = Debug|Any CPU
		{CCA5B7D2-E1CE-49C2-A8EE-5408D90B0DD2}.Release|Any CPU.ActiveCfg = Release|Any CPU
		{CCA5B7D2-E1CE-49C2-A8EE-5408D90B0DD2}.Release|Any CPU.Build.0 = Release|Any CPU
		{4FC0783E-9FD6-4FDE-AABC-5255BC834DDD}.Debug|Any CPU.ActiveCfg = Debug|Any CPU
		{4FC0783E-9FD6-4FDE-AABC-5255BC834DDD}.Debug|Any CPU.Build.0 = Debug|Any CPU
		{4FC0783E-9FD6-4FDE-AABC-5255BC834DDD}.Release|Any CPU.ActiveCfg = Release|Any CPU
		{4FC0783E-9FD6-4FDE-AABC-5255BC834DDD}.Release|Any CPU.Build.0 = Release|Any CPU
		{5E3CA28A-38E2-46F7-B192-A853719E477B}.Debug|Any CPU.ActiveCfg = Debug|Any CPU
		{5E3CA28A-38E2-46F7-B192-A853719E477B}.Debug|Any CPU.Build.0 = Debug|Any CPU
		{5E3CA28A-38E2-46F7-B192-A853719E477B}.Release|Any CPU.ActiveCfg = Release|Any CPU
		{5E3CA28A-38E2-46F7-B192-A853719E477B}.Release|Any CPU.Build.0 = Release|Any CPU
		{AAA53E67-1163-4EB4-AFFB-2FC19D63FCD4}.Debug|Any CPU.ActiveCfg = Debug|Any CPU
		{AAA53E67-1163-4EB4-AFFB-2FC19D63FCD4}.Debug|Any CPU.Build.0 = Debug|Any CPU
		{AAA53E67-1163-4EB4-AFFB-2FC19D63FCD4}.Release|Any CPU.ActiveCfg = Release|Any CPU
		{AAA53E67-1163-4EB4-AFFB-2FC19D63FCD4}.Release|Any CPU.Build.0 = Release|Any CPU
		{DCD43905-C1DE-434A-BDCC-E71680934AA5}.Debug|Any CPU.ActiveCfg = Debug|Any CPU
		{DCD43905-C1DE-434A-BDCC-E71680934AA5}.Debug|Any CPU.Build.0 = Debug|Any CPU
		{DCD43905-C1DE-434A-BDCC-E71680934AA5}.Release|Any CPU.ActiveCfg = Release|Any CPU
		{DCD43905-C1DE-434A-BDCC-E71680934AA5}.Release|Any CPU.Build.0 = Release|Any CPU
		{C816DC0A-21B3-42AB-8E37-5CB7AF566484}.Debug|Any CPU.ActiveCfg = Debug|Any CPU
		{C816DC0A-21B3-42AB-8E37-5CB7AF566484}.Debug|Any CPU.Build.0 = Debug|Any CPU
		{C816DC0A-21B3-42AB-8E37-5CB7AF566484}.Release|Any CPU.ActiveCfg = Release|Any CPU
		{C816DC0A-21B3-42AB-8E37-5CB7AF566484}.Release|Any CPU.Build.0 = Release|Any CPU
		{DCCB625B-E7C3-4F2B-9BC2-B582502E3305}.Debug|Any CPU.ActiveCfg = Debug|Any CPU
		{DCCB625B-E7C3-4F2B-9BC2-B582502E3305}.Debug|Any CPU.Build.0 = Debug|Any CPU
		{DCCB625B-E7C3-4F2B-9BC2-B582502E3305}.Release|Any CPU.ActiveCfg = Release|Any CPU
		{DCCB625B-E7C3-4F2B-9BC2-B582502E3305}.Release|Any CPU.Build.0 = Release|Any CPU
		{6C2B13BE-46D2-462B-B954-8D5A79B3258A}.Debug|Any CPU.ActiveCfg = Debug|Any CPU
		{6C2B13BE-46D2-462B-B954-8D5A79B3258A}.Debug|Any CPU.Build.0 = Debug|Any CPU
		{6C2B13BE-46D2-462B-B954-8D5A79B3258A}.Release|Any CPU.ActiveCfg = Release|Any CPU
		{6C2B13BE-46D2-462B-B954-8D5A79B3258A}.Release|Any CPU.Build.0 = Release|Any CPU
		{9C6D27BA-F55D-4FB4-AD10-DCFF907C34A7}.Debug|Any CPU.ActiveCfg = Debug|Any CPU
		{9C6D27BA-F55D-4FB4-AD10-DCFF907C34A7}.Debug|Any CPU.Build.0 = Debug|Any CPU
		{9C6D27BA-F55D-4FB4-AD10-DCFF907C34A7}.Release|Any CPU.ActiveCfg = Release|Any CPU
		{9C6D27BA-F55D-4FB4-AD10-DCFF907C34A7}.Release|Any CPU.Build.0 = Release|Any CPU
		{9ED6013D-8817-409E-91A9-6115831EE802}.Debug|Any CPU.ActiveCfg = Debug|Any CPU
		{9ED6013D-8817-409E-91A9-6115831EE802}.Debug|Any CPU.Build.0 = Debug|Any CPU
		{9ED6013D-8817-409E-91A9-6115831EE802}.Release|Any CPU.ActiveCfg = Release|Any CPU
		{9ED6013D-8817-409E-91A9-6115831EE802}.Release|Any CPU.Build.0 = Release|Any CPU
		{FC991D6D-F051-493C-916B-EB0E4385BD5B}.Debug|Any CPU.ActiveCfg = Debug|Any CPU
		{FC991D6D-F051-493C-916B-EB0E4385BD5B}.Debug|Any CPU.Build.0 = Debug|Any CPU
		{FC991D6D-F051-493C-916B-EB0E4385BD5B}.Release|Any CPU.ActiveCfg = Release|Any CPU
		{FC991D6D-F051-493C-916B-EB0E4385BD5B}.Release|Any CPU.Build.0 = Release|Any CPU
		{05F081D3-F79E-4E53-B71A-6418C68EF852}.Debug|Any CPU.ActiveCfg = Debug|Any CPU
		{05F081D3-F79E-4E53-B71A-6418C68EF852}.Debug|Any CPU.Build.0 = Debug|Any CPU
		{05F081D3-F79E-4E53-B71A-6418C68EF852}.Release|Any CPU.ActiveCfg = Release|Any CPU
		{05F081D3-F79E-4E53-B71A-6418C68EF852}.Release|Any CPU.Build.0 = Release|Any CPU
		{A9950CD1-F201-4000-B403-A6F7CF8E26C6}.Debug|Any CPU.ActiveCfg = Debug|Any CPU
		{A9950CD1-F201-4000-B403-A6F7CF8E26C6}.Debug|Any CPU.Build.0 = Debug|Any CPU
		{A9950CD1-F201-4000-B403-A6F7CF8E26C6}.Release|Any CPU.ActiveCfg = Release|Any CPU
		{A9950CD1-F201-4000-B403-A6F7CF8E26C6}.Release|Any CPU.Build.0 = Release|Any CPU
	EndGlobalSection
	GlobalSection(SolutionProperties) = preSolution
		HideSolutionNode = FALSE
	EndGlobalSection
	GlobalSection(NestedProjects) = preSolution
		{CCA5B7D2-E1CE-49C2-A8EE-5408D90B0DD2} = {65D66A8A-232C-42FF-85E8-100A287D98D3}
		{418B7B87-6D62-4AFD-93DD-11FC3C572C6E} = {129077C6-92B6-4BD2-AACF-FA69BF1F0C36}
		{423A0285-DD78-4DE5-96F0-458FFAD962B8} = {129077C6-92B6-4BD2-AACF-FA69BF1F0C36}
		{5E3CA28A-38E2-46F7-B192-A853719E477B} = {F58B4BEB-1777-4EC2-953F-3B1057A89EB0}
		{AAA53E67-1163-4EB4-AFFB-2FC19D63FCD4} = {F58B4BEB-1777-4EC2-953F-3B1057A89EB0}
		{DCD43905-C1DE-434A-BDCC-E71680934AA5} = {F58B4BEB-1777-4EC2-953F-3B1057A89EB0}
		{C816DC0A-21B3-42AB-8E37-5CB7AF566484} = {F58B4BEB-1777-4EC2-953F-3B1057A89EB0}
		{8D5E093D-117E-4217-BDE9-3D7C3495E82E} = {45EE50AD-141C-4DBB-BA7C-64181802F851}
		{DCCB625B-E7C3-4F2B-9BC2-B582502E3305} = {8D5E093D-117E-4217-BDE9-3D7C3495E82E}
		{6C2B13BE-46D2-462B-B954-8D5A79B3258A} = {8D5E093D-117E-4217-BDE9-3D7C3495E82E}
		{9C6D27BA-F55D-4FB4-AD10-DCFF907C34A7} = {8D5E093D-117E-4217-BDE9-3D7C3495E82E}
		{9ED6013D-8817-409E-91A9-6115831EE802} = {F58B4BEB-1777-4EC2-953F-3B1057A89EB0}
		{FC991D6D-F051-493C-916B-EB0E4385BD5B} = {F58B4BEB-1777-4EC2-953F-3B1057A89EB0}
		{05F081D3-F79E-4E53-B71A-6418C68EF852} = {F58B4BEB-1777-4EC2-953F-3B1057A89EB0}
		{A9950CD1-F201-4000-B403-A6F7CF8E26C6} = {65D66A8A-232C-42FF-85E8-100A287D98D3}
	EndGlobalSection
	GlobalSection(ExtensibilityGlobals) = postSolution
		SolutionGuid = {C8EE0F31-116A-4077-B840-48940901FFE5}
	EndGlobalSection
EndGlobal
