
Microsoft Visual Studio Solution File, Format Version 12.00
# Visual Studio Version 17
VisualStudioVersion = 17.5.33530.505
MinimumVisualStudioVersion = 10.0.40219.1
Project("{2150E333-8FDC-42A3-9474-1A3956D46DE8}") = "docs", "docs", "{8E198C40-1976-484D-A147-988B6CBC13A3}"
	ProjectSection(SolutionItems) = preProject
		docs\m1.md = docs\m1.md
		docs\m2.md = docs\m2.md
	EndProjectSection
EndProject
Project("{2150E333-8FDC-42A3-9474-1A3956D46DE8}") = "Contrib", "Contrib", "{65D66A8A-232C-42FF-85E8-100A287D98D3}"
EndProject
Project("{9A19103F-16F7-4668-BE54-9A1E7A4F7556}") = "TextList.Api", "Contrib\TextList.Api\TextList.Api.csproj", "{CCA5B7D2-E1CE-49C2-A8EE-5408D90B0DD2}"
EndProject
Project("{E53339B2-1760-4266-BCC7-CA923CBCF16C}") = "docker-compose", "docker-compose.dcproj", "{4FC0783E-9FD6-4FDE-AABC-5255BC834DDD}"
EndProject
Project("{2150E333-8FDC-42A3-9474-1A3956D46DE8}") = "dapr", "dapr", "{129077C6-92B6-4BD2-AACF-FA69BF1F0C36}"
EndProject
Project("{2150E333-8FDC-42A3-9474-1A3956D46DE8}") = "components", "components", "{418B7B87-6D62-4AFD-93DD-11FC3C572C6E}"
	ProjectSection(SolutionItems) = preProject
		dapr\components\recall-secrets.json = dapr\components\recall-secrets.json
		dapr\components\recall-secretstore.yaml = dapr\components\recall-secretstore.yaml
	EndProjectSection
EndProject
Project("{2150E333-8FDC-42A3-9474-1A3956D46DE8}") = "configuration", "configuration", "{423A0285-DD78-4DE5-96F0-458FFAD962B8}"
	ProjectSection(SolutionItems) = preProject
		dapr\configuration\recall-configuration.yaml = dapr\configuration\recall-configuration.yaml
	EndProjectSection
EndProject
Project("{2150E333-8FDC-42A3-9474-1A3956D46DE8}") = "Infrastructure", "Infrastructure", "{F58B4BEB-1777-4EC2-953F-3B1057A89EB0}"
	ProjectSection(SolutionItems) = preProject
		Infrastructure\envoy.yaml = Infrastructure\envoy.yaml
	EndProjectSection
EndProject
Project("{FAE04EC0-301F-11D3-BF4B-00C04F79EFBC}") = "Infrastructure.Api", "Infrastructure\Infrastructure.Api\Infrastructure.Api.csproj", "{5E3CA28A-38E2-46F7-B192-A853719E477B}"
EndProject
Project("{FAE04EC0-301F-11D3-BF4B-00C04F79EFBC}") = "ServiceStatus", "Infrastructure\ServiceStatus\ServiceStatus.csproj", "{AAA53E67-1163-4EB4-AFFB-2FC19D63FCD4}"
EndProject
Global
	GlobalSection(SolutionConfigurationPlatforms) = preSolution
		Debug|Any CPU = Debug|Any CPU
		Release|Any CPU = Release|Any CPU
	EndGlobalSection
	GlobalSection(ProjectConfigurationPlatforms) = postSolution
		{CCA5B7D2-E1CE-49C2-A8EE-5408D90B0DD2}.Debug|Any CPU.ActiveCfg = Debug|Any CPU
		{CCA5B7D2-E1CE-49C2-A8EE-5408D90B0DD2}.Debug|Any CPU.Build.0 = Debug|Any CPU
		{CCA5B7D2-E1CE-49C2-A8EE-5408D90B0DD2}.Release|Any CPU.ActiveCfg = Release|Any CPU
		{CCA5B7D2-E1CE-49C2-A8EE-5408D90B0DD2}.Release|Any CPU.Build.0 = Release|Any CPU
		{4FC0783E-9FD6-4FDE-AABC-5255BC834DDD}.Debug|Any CPU.ActiveCfg = Debug|Any CPU
		{4FC0783E-9FD6-4FDE-AABC-5255BC834DDD}.Debug|Any CPU.Build.0 = Debug|Any CPU
		{4FC0783E-9FD6-4FDE-AABC-5255BC834DDD}.Release|Any CPU.ActiveCfg = Release|Any CPU
		{4FC0783E-9FD6-4FDE-AABC-5255BC834DDD}.Release|Any CPU.Build.0 = Release|Any CPU
		{5E3CA28A-38E2-46F7-B192-A853719E477B}.Debug|Any CPU.ActiveCfg = Debug|Any CPU
		{5E3CA28A-38E2-46F7-B192-A853719E477B}.Debug|Any CPU.Build.0 = Debug|Any CPU
		{5E3CA28A-38E2-46F7-B192-A853719E477B}.Release|Any CPU.ActiveCfg = Release|Any CPU
		{5E3CA28A-38E2-46F7-B192-A853719E477B}.Release|Any CPU.Build.0 = Release|Any CPU
		{AAA53E67-1163-4EB4-AFFB-2FC19D63FCD4}.Debug|Any CPU.ActiveCfg = Debug|Any CPU
		{AAA53E67-1163-4EB4-AFFB-2FC19D63FCD4}.Debug|Any CPU.Build.0 = Debug|Any CPU
		{AAA53E67-1163-4EB4-AFFB-2FC19D63FCD4}.Release|Any CPU.ActiveCfg = Release|Any CPU
		{AAA53E67-1163-4EB4-AFFB-2FC19D63FCD4}.Release|Any CPU.Build.0 = Release|Any CPU
	EndGlobalSection
	GlobalSection(SolutionProperties) = preSolution
		HideSolutionNode = FALSE
	EndGlobalSection
	GlobalSection(NestedProjects) = preSolution
		{CCA5B7D2-E1CE-49C2-A8EE-5408D90B0DD2} = {65D66A8A-232C-42FF-85E8-100A287D98D3}
		{418B7B87-6D62-4AFD-93DD-11FC3C572C6E} = {129077C6-92B6-4BD2-AACF-FA69BF1F0C36}
		{423A0285-DD78-4DE5-96F0-458FFAD962B8} = {129077C6-92B6-4BD2-AACF-FA69BF1F0C36}
		{5E3CA28A-38E2-46F7-B192-A853719E477B} = {F58B4BEB-1777-4EC2-953F-3B1057A89EB0}
		{AAA53E67-1163-4EB4-AFFB-2FC19D63FCD4} = {F58B4BEB-1777-4EC2-953F-3B1057A89EB0}
	EndGlobalSection
	GlobalSection(ExtensibilityGlobals) = postSolution
		SolutionGuid = {C8EE0F31-116A-4077-B840-48940901FFE5}
	EndGlobalSection
EndGlobal
